// !$*UTF8*$!
{
	archiveVersion = 1;
	classes = {
	};
	objectVersion = 56;
	objects = {

/* Begin PBXBuildFile section */
		780A7BD2291A7330007A1DE7 /* AppDelegate.swift in Sources */ = {isa = PBXBuildFile; fileRef = 780A7BD1291A7330007A1DE7 /* AppDelegate.swift */; };
		780A7BD4291A7330007A1DE7 /* SceneDelegate.swift in Sources */ = {isa = PBXBuildFile; fileRef = 780A7BD3291A7330007A1DE7 /* SceneDelegate.swift */; };
		780A7BD6291A7330007A1DE7 /* ViewController.swift in Sources */ = {isa = PBXBuildFile; fileRef = 780A7BD5291A7330007A1DE7 /* ViewController.swift */; };
		780A7BD9291A7330007A1DE7 /* Main.storyboard in Resources */ = {isa = PBXBuildFile; fileRef = 780A7BD7291A7330007A1DE7 /* Main.storyboard */; };
		780A7BDB291A7332007A1DE7 /* Assets.xcassets in Resources */ = {isa = PBXBuildFile; fileRef = 780A7BDA291A7332007A1DE7 /* Assets.xcassets */; };
		780A7BDE291A7332007A1DE7 /* LaunchScreen.storyboard in Resources */ = {isa = PBXBuildFile; fileRef = 780A7BDC291A7332007A1DE7 /* LaunchScreen.storyboard */; };
		780A7BE6291A73EA007A1DE7 /* secondViewController.swift in Sources */ = {isa = PBXBuildFile; fileRef = 780A7BE5291A73EA007A1DE7 /* secondViewController.swift */; };
		780A7BE9291A7435007A1DE7 /* seTableViewCell.swift in Sources */ = {isa = PBXBuildFile; fileRef = 780A7BE7291A7435007A1DE7 /* seTableViewCell.swift */; };
		780A7BEA291A7435007A1DE7 /* seTableViewCell.xib in Resources */ = {isa = PBXBuildFile; fileRef = 780A7BE8291A7435007A1DE7 /* seTableViewCell.xib */; };
		78F0F8BB291A934900FDFB89 /* backDataPassing.swift in Sources */ = {isa = PBXBuildFile; fileRef = 78F0F8BA291A934900FDFB89 /* backDataPassing.swift */; };
		78F0F8BD291A9B5700FDFB89 /* Employee.swift in Sources */ = {isa = PBXBuildFile; fileRef = 78F0F8BC291A9B5700FDFB89 /* Employee.swift */; };
/* End PBXBuildFile section */

/* Begin PBXFileReference section */
		780A7BCE291A7330007A1DE7 /* mvcEmployee.app */ = {isa = PBXFileReference; explicitFileType = wrapper.application; includeInIndex = 0; path = mvcEmployee.app; sourceTree = BUILT_PRODUCTS_DIR; };
		780A7BD1291A7330007A1DE7 /* AppDelegate.swift */ = {isa = PBXFileReference; lastKnownFileType = sourcecode.swift; path = AppDelegate.swift; sourceTree = "<group>"; };
		780A7BD3291A7330007A1DE7 /* SceneDelegate.swift */ = {isa = PBXFileReference; lastKnownFileType = sourcecode.swift; path = SceneDelegate.swift; sourceTree = "<group>"; };
		780A7BD5291A7330007A1DE7 /* ViewController.swift */ = {isa = PBXFileReference; lastKnownFileType = sourcecode.swift; path = ViewController.swift; sourceTree = "<group>"; };
		780A7BD8291A7330007A1DE7 /* Base */ = {isa = PBXFileReference; lastKnownFileType = file.storyboard; name = Base; path = Base.lproj/Main.storyboard; sourceTree = "<group>"; };
		780A7BDA291A7332007A1DE7 /* Assets.xcassets */ = {isa = PBXFileReference; lastKnownFileType = folder.assetcatalog; path = Assets.xcassets; sourceTree = "<group>"; };
		780A7BDD291A7332007A1DE7 /* Base */ = {isa = PBXFileReference; lastKnownFileType = file.storyboard; name = Base; path = Base.lproj/LaunchScreen.storyboard; sourceTree = "<group>"; };
		780A7BDF291A7332007A1DE7 /* Info.plist */ = {isa = PBXFileReference; lastKnownFileType = text.plist.xml; path = Info.plist; sourceTree = "<group>"; };
		780A7BE5291A73EA007A1DE7 /* secondViewController.swift */ = {isa = PBXFileReference; lastKnownFileType = sourcecode.swift; path = secondViewController.swift; sourceTree = "<group>"; };
		780A7BE7291A7435007A1DE7 /* seTableViewCell.swift */ = {isa = PBXFileReference; lastKnownFileType = sourcecode.swift; path = seTableViewCell.swift; sourceTree = "<group>"; };
		780A7BE8291A7435007A1DE7 /* seTableViewCell.xib */ = {isa = PBXFileReference; lastKnownFileType = file.xib; path = seTableViewCell.xib; sourceTree = "<group>"; };
		78F0F8BA291A934900FDFB89 /* backDataPassing.swift */ = {isa = PBXFileReference; lastKnownFileType = sourcecode.swift; path = backDataPassing.swift; sourceTree = "<group>"; };
		78F0F8BC291A9B5700FDFB89 /* Employee.swift */ = {isa = PBXFileReference; lastKnownFileType = sourcecode.swift; path = Employee.swift; sourceTree = "<group>"; };
/* End PBXFileReference section */

/* Begin PBXFrameworksBuildPhase section */
		780A7BCB291A7330007A1DE7 /* Frameworks */ = {
			isa = PBXFrameworksBuildPhase;
			buildActionMask = 2147483647;
			files = (
			);
			runOnlyForDeploymentPostprocessing = 0;
		};
/* End PBXFrameworksBuildPhase section */

/* Begin PBXGroup section */
		780A7BC5291A7330007A1DE7 = {
			isa = PBXGroup;
			children = (
				78F0F8BC291A9B5700FDFB89 /* Employee.swift */,
				78F0F8BA291A934900FDFB89 /* backDataPassing.swift */,
				780A7BE5291A73EA007A1DE7 /* secondViewController.swift */,
				780A7BD0291A7330007A1DE7 /* mvcEmployee */,
				780A7BCF291A7330007A1DE7 /* Products */,
			);
			sourceTree = "<group>";
		};
		780A7BCF291A7330007A1DE7 /* Products */ = {
			isa = PBXGroup;
			children = (
				780A7BCE291A7330007A1DE7 /* mvcEmployee.app */,
			);
			name = Products;
			sourceTree = "<group>";
		};
		780A7BD0291A7330007A1DE7 /* mvcEmployee */ = {
			isa = PBXGroup;
			children = (
				780A7BD1291A7330007A1DE7 /* AppDelegate.swift */,
				780A7BD3291A7330007A1DE7 /* SceneDelegate.swift */,
				780A7BD5291A7330007A1DE7 /* ViewController.swift */,
				780A7BD7291A7330007A1DE7 /* Main.storyboard */,
				780A7BDA291A7332007A1DE7 /* Assets.xcassets */,
				780A7BDC291A7332007A1DE7 /* LaunchScreen.storyboard */,
				780A7BDF291A7332007A1DE7 /* Info.plist */,
				780A7BE7291A7435007A1DE7 /* seTableViewCell.swift */,
				780A7BE8291A7435007A1DE7 /* seTableViewCell.xib */,
			);
			path = mvcEmployee;
			sourceTree = "<group>";
		};
/* End PBXGroup section */

/* Begin PBXNativeTarget section */
		780A7BCD291A7330007A1DE7 /* mvcEmployee */ = {
			isa = PBXNativeTarget;
			buildConfigurationList = 780A7BE2291A7332007A1DE7 /* Build configuration list for PBXNativeTarget "mvcEmployee" */;
			buildPhases = (
				780A7BCA291A7330007A1DE7 /* Sources */,
				780A7BCB291A7330007A1DE7 /* Frameworks */,
				780A7BCC291A7330007A1DE7 /* Resources */,
			);
			buildRules = (
			);
			dependencies = (
			);
			name = mvcEmployee;
			productName = mvcEmployee;
			productReference = 780A7BCE291A7330007A1DE7 /* mvcEmployee.app */;
			productType = "com.apple.product-type.application";
		};
/* End PBXNativeTarget section */

/* Begin PBXProject section */
		780A7BC6291A7330007A1DE7 /* Project object */ = {
			isa = PBXProject;
			attributes = {
				BuildIndependentTargetsInParallel = 1;
				LastSwiftUpdateCheck = 1400;
				LastUpgradeCheck = 1400;
				TargetAttributes = {
					780A7BCD291A7330007A1DE7 = {
						CreatedOnToolsVersion = 14.0.1;
					};
				};
			};
			buildConfigurationList = 780A7BC9291A7330007A1DE7 /* Build configuration list for PBXProject "mvcEmployee" */;
			compatibilityVersion = "Xcode 14.0";
			developmentRegion = en;
			hasScannedForEncodings = 0;
			knownRegions = (
				en,
				Base,
			);
			mainGroup = 780A7BC5291A7330007A1DE7;
			productRefGroup = 780A7BCF291A7330007A1DE7 /* Products */;
			projectDirPath = "";
			projectRoot = "";
			targets = (
				780A7BCD291A7330007A1DE7 /* mvcEmployee */,
			);
		};
/* End PBXProject section */

/* Begin PBXResourcesBuildPhase section */
		780A7BCC291A7330007A1DE7 /* Resources */ = {
			isa = PBXResourcesBuildPhase;
			buildActionMask = 2147483647;
			files = (
				780A7BDE291A7332007A1DE7 /* LaunchScreen.storyboard in Resources */,
				780A7BDB291A7332007A1DE7 /* Assets.xcassets in Resources */,
				780A7BD9291A7330007A1DE7 /* Main.storyboard in Resources */,
				780A7BEA291A7435007A1DE7 /* seTableViewCell.xib in Resources */,
			);
			runOnlyForDeploymentPostprocessing = 0;
		};
/* End PBXResourcesBuildPhase section */

/* Begin PBXSourcesBuildPhase section */
		780A7BCA291A7330007A1DE7 /* Sources */ = {
			isa = PBXSourcesBuildPhase;
			buildActionMask = 2147483647;
			files = (
				780A7BE9291A7435007A1DE7 /* seTableViewCell.swift in Sources */,
				780A7BE6291A73EA007A1DE7 /* secondViewController.swift in Sources */,
				78F0F8BB291A934900FDFB89 /* backDataPassing.swift in Sources */,
				78F0F8BD291A9B5700FDFB89 /* Employee.swift in Sources */,
				780A7BD6291A7330007A1DE7 /* ViewController.swift in Sources */,
				780A7BD2291A7330007A1DE7 /* AppDelegate.swift in Sources */,
				780A7BD4291A7330007A1DE7 /* SceneDelegate.swift in Sources */,
			);
			runOnlyForDeploymentPostprocessing = 0;
		};
/* End PBXSourcesBuildPhase section */

/* Begin PBXVariantGroup section */
		780A7BD7291A7330007A1DE7 /* Main.storyboard */ = {
			isa = PBXVariantGroup;
			children = (
				780A7BD8291A7330007A1DE7 /* Base */,
			);
			name = Main.storyboard;
			sourceTree = "<group>";
		};
		780A7BDC291A7332007A1DE7 /* LaunchScreen.storyboard */ = {
			isa = PBXVariantGroup;
			children = (
				780A7BDD291A7332007A1DE7 /* Base */,
			);
			name = LaunchScreen.storyboard;
			sourceTree = "<group>";
		};
/* End PBXVariantGroup section */

/* Begin XCBuildConfiguration section */
		780A7BE0291A7332007A1DE7 /* Debug */ = {
			isa = XCBuildConfiguration;
			buildSettings = {
				ALWAYS_SEARCH_USER_PATHS = NO;
				CLANG_ANALYZER_NONNULL = YES;
				CLANG_ANALYZER_NUMBER_OBJECT_CONVERSION = YES_AGGRESSIVE;
				CLANG_CXX_LANGUAGE_STANDARD = "gnu++20";
				CLANG_ENABLE_MODULES = YES;
				CLANG_ENABLE_OBJC_ARC = YES;
				CLANG_ENABLE_OBJC_WEAK = YES;
				CLANG_WARN_BLOCK_CAPTURE_AUTORELEASING = YES;
				CLANG_WARN_BOOL_CONVERSION = YES;
				CLANG_WARN_COMMA = YES;
				CLANG_WARN_CONSTANT_CONVERSION = YES;
				CLANG_WARN_DEPRECATED_OBJC_IMPLEMENTATIONS = YES;
				CLANG_WARN_DIRECT_OBJC_ISA_USAGE = YES_ERROR;
				CLANG_WARN_DOCUMENTATION_COMMENTS = YES;
				CLANG_WARN_EMPTY_BODY = YES;
				CLANG_WARN_ENUM_CONVERSION = YES;
				CLANG_WARN_INFINITE_RECURSION = YES;
				CLANG_WARN_INT_CONVERSION = YES;
				CLANG_WARN_NON_LITERAL_NULL_CONVERSION = YES;
				CLANG_WARN_OBJC_IMPLICIT_RETAIN_SELF = YES;
				CLANG_WARN_OBJC_LITERAL_CONVERSION = YES;
				CLANG_WARN_OBJC_ROOT_CLASS = YES_ERROR;
				CLANG_WARN_QUOTED_INCLUDE_IN_FRAMEWORK_HEADER = YES;
				CLANG_WARN_RANGE_LOOP_ANALYSIS = YES;
				CLANG_WARN_STRICT_PROTOTYPES = YES;
				CLANG_WARN_SUSPICIOUS_MOVE = YES;
				CLANG_WARN_UNGUARDED_AVAILABILITY = YES_AGGRESSIVE;
				CLANG_WARN_UNREACHABLE_CODE = YES;
				CLANG_WARN__DUPLICATE_METHOD_MATCH = YES;
				COPY_PHASE_STRIP = NO;
				DEBUG_INFORMATION_FORMAT = dwarf;
				ENABLE_STRICT_OBJC_MSGSEND = YES;
				ENABLE_TESTABILITY = YES;
				GCC_C_LANGUAGE_STANDARD = gnu11;
				GCC_DYNAMIC_NO_PIC = NO;
				GCC_NO_COMMON_BLOCKS = YES;
				GCC_OPTIMIZATION_LEVEL = 0;
				GCC_PREPROCESSOR_DEFINITIONS = (
					"DEBUG=1",
					"$(inherited)",
				);
				GCC_WARN_64_TO_32_BIT_CONVERSION = YES;
				GCC_WARN_ABOUT_RETURN_TYPE = YES_ERROR;
				GCC_WARN_UNDECLARED_SELECTOR = YES;
				GCC_WARN_UNINITIALIZED_AUTOS = YES_AGGRESSIVE;
				GCC_WARN_UNUSED_FUNCTION = YES;
				GCC_WARN_UNUSED_VARIABLE = YES;
				IPHONEOS_DEPLOYMENT_TARGET = 16.0;
				MTL_ENABLE_DEBUG_INFO = INCLUDE_SOURCE;
				MTL_FAST_MATH = YES;
				ONLY_ACTIVE_ARCH = YES;
				SDKROOT = iphoneos;
				SWIFT_ACTIVE_COMPILATION_CONDITIONS = DEBUG;
				SWIFT_OPTIMIZATION_LEVEL = "-Onone";
			};
			name = Debug;
		};
		780A7BE1291A7332007A1DE7 /* Release */ = {
			isa = XCBuildConfiguration;
			buildSettings = {
				ALWAYS_SEARCH_USER_PATHS = NO;
				CLANG_ANALYZER_NONNULL = YES;
				CLANG_ANALYZER_NUMBER_OBJECT_CONVERSION = YES_AGGRESSIVE;
				CLANG_CXX_LANGUAGE_STANDARD = "gnu++20";
				CLANG_ENABLE_MODULES = YES;
				CLANG_ENABLE_OBJC_ARC = YES;
				CLANG_ENABLE_OBJC_WEAK = YES;
				CLANG_WARN_BLOCK_CAPTURE_AUTORELEASING = YES;
				CLANG_WARN_BOOL_CONVERSION = YES;
				CLANG_WARN_COMMA = YES;
				CLANG_WARN_CONSTANT_CONVERSION = YES;
				CLANG_WARN_DEPRECATED_OBJC_IMPLEMENTATIONS = YES;
				CLANG_WARN_DIRECT_OBJC_ISA_USAGE = YES_ERROR;
				CLANG_WARN_DOCUMENTATION_COMMENTS = YES;
				CLANG_WARN_EMPTY_BODY = YES;
				CLANG_WARN_ENUM_CONVERSION = YES;
				CLANG_WARN_INFINITE_RECURSION = YES;
				CLANG_WARN_INT_CONVERSION = YES;
				CLANG_WARN_NON_LITERAL_NULL_CONVERSION = YES;
				CLANG_WARN_OBJC_IMPLICIT_RETAIN_SELF = YES;
				CLANG_WARN_OBJC_LITERAL_CONVERSION = YES;
				CLANG_WARN_OBJC_ROOT_CLASS = YES_ERROR;
				CLANG_WARN_QUOTED_INCLUDE_IN_FRAMEWORK_HEADER = YES;
				CLANG_WARN_RANGE_LOOP_ANALYSIS = YES;
				CLANG_WARN_STRICT_PROTOTYPES = YES;
				CLANG_WARN_SUSPICIOUS_MOVE = YES;
				CLANG_WARN_UNGUARDED_AVAILABILITY = YES_AGGRESSIVE;
				CLANG_WARN_UNREACHABLE_CODE = YES;
				CLANG_WARN__DUPLICATE_METHOD_MATCH = YES;
				COPY_PHASE_STRIP = NO;
				DEBUG_INFORMATION_FORMAT = "dwarf-with-dsym";
				ENABLE_NS_ASSERTIONS = NO;
				ENABLE_STRICT_OBJC_MSGSEND = YES;
				GCC_C_LANGUAGE_STANDARD = gnu11;
				GCC_NO_COMMON_BLOCKS = YES;
				GCC_WARN_64_TO_32_BIT_CONVERSION = YES;
				GCC_WARN_ABOUT_RETURN_TYPE = YES_ERROR;
				GCC_WARN_UNDECLARED_SELECTOR = YES;
				GCC_WARN_UNINITIALIZED_AUTOS = YES_AGGRESSIVE;
				GCC_WARN_UNUSED_FUNCTION = YES;
				GCC_WARN_UNUSED_VARIABLE = YES;
				IPHONEOS_DEPLOYMENT_TARGET = 16.0;
				MTL_ENABLE_DEBUG_INFO = NO;
				MTL_FAST_MATH = YES;
				SDKROOT = iphoneos;
				SWIFT_COMPILATION_MODE = wholemodule;
				SWIFT_OPTIMIZATION_LEVEL = "-O";
				VALIDATE_PRODUCT = YES;
			};
			name = Release;
		};
		780A7BE3291A7332007A1DE7 /* Debug */ = {
			isa = XCBuildConfiguration;
			buildSettings = {
				ASSETCATALOG_COMPILER_APPICON_NAME = AppIcon;
				ASSETCATALOG_COMPILER_GLOBAL_ACCENT_COLOR_NAME = AccentColor;
				CODE_SIGN_STYLE = Automatic;
				CURRENT_PROJECT_VERSION = 1;
				GENERATE_INFOPLIST_FILE = YES;
				INFOPLIST_FILE = mvcEmployee/Info.plist;
				INFOPLIST_KEY_UIApplicationSupportsIndirectInputEvents = YES;
				INFOPLIST_KEY_UILaunchStoryboardName = LaunchScreen;
				INFOPLIST_KEY_UIMainStoryboardFile = Main;
				INFOPLIST_KEY_UISupportedInterfaceOrientations_iPad = "UIInterfaceOrientationPortrait UIInterfaceOrientationPortraitUpsideDown UIInterfaceOrientationLandscapeLeft UIInterfaceOrientationLandscapeRight";
				INFOPLIST_KEY_UISupportedInterfaceOrientations_iPhone = "UIInterfaceOrientationPortrait UIInterfaceOrientationLandscapeLeft UIInterfaceOrientationLandscapeRight";
				LD_RUNPATH_SEARCH_PATHS = (
					"$(inherited)",
					"@executable_path/Frameworks",
				);
				MARKETING_VERSION = 1.0;
				PRODUCT_BUNDLE_IDENTIFIER = com.google.mvcEmployee;
				PRODUCT_NAME = "$(TARGET_NAME)";
				SWIFT_EMIT_LOC_STRINGS = YES;
				SWIFT_VERSION = 5.0;
				TARGETED_DEVICE_FAMILY = "1,2";
			};
			name = Debug;
		};
		780A7BE4291A7332007A1DE7 /* Release */ = {
			isa = XCBuildConfiguration;
			buildSettings = {
				ASSETCATALOG_COMPILER_APPICON_NAME = AppIcon;
				ASSETCATALOG_COMPILER_GLOBAL_ACCENT_COLOR_NAME = AccentColor;
				CODE_SIGN_STYLE = Automatic;
				CURRENT_PROJECT_VERSION = 1;
				GENERATE_INFOPLIST_FILE = YES;
				INFOPLIST_FILE = mvcEmployee/Info.plist;
				INFOPLIST_KEY_UIApplicationSupportsIndirectInputEvents = YES;
				INFOPLIST_KEY_UILaunchStoryboardName = LaunchScreen;
				INFOPLIST_KEY_UIMainStoryboardFile = Main;
				INFOPLIST_KEY_UISupportedInterfaceOrientations_iPad = "UIInterfaceOrientationPortrait UIInterfaceOrientationPortraitUpsideDown UIInterfaceOrientationLandscapeLeft UIInterfaceOrientationLandscapeRight";
				INFOPLIST_KEY_UISupportedInterfaceOrientations_iPhone = "UIInterfaceOrientationPortrait UIInterfaceOrientationLandscapeLeft UIInterfaceOrientationLandscapeRight";
				LD_RUNPATH_SEARCH_PATHS = (
					"$(inherited)",
					"@executable_path/Frameworks",
				);
				MARKETING_VERSION = 1.0;
				PRODUCT_BUNDLE_IDENTIFIER = com.google.mvcEmployee;
				PRODUCT_NAME = "$(TARGET_NAME)";
				SWIFT_EMIT_LOC_STRINGS = YES;
				SWIFT_VERSION = 5.0;
				TARGETED_DEVICE_FAMILY = "1,2";
			};
			name = Release;
		};
/* End XCBuildConfiguration section */

/* Begin XCConfigurationList section */
		780A7BC9291A7330007A1DE7 /* Build configuration list for PBXProject "mvcEmployee" */ = {
			isa = XCConfigurationList;
			buildConfigurations = (
				780A7BE0291A7332007A1DE7 /* Debug */,
				780A7BE1291A7332007A1DE7 /* Release */,
			);
			defaultConfigurationIsVisible = 0;
			defaultConfigurationName = Release;
		};
		780A7BE2291A7332007A1DE7 /* Build configuration list for PBXNativeTarget "mvcEmployee" */ = {
			isa = XCConfigurationList;
			buildConfigurations = (
				780A7BE3291A7332007A1DE7 /* Debug */,
				780A7BE4291A7332007A1DE7 /* Release */,
			);
			defaultConfigurationIsVisible = 0;
			defaultConfigurationName = Release;
		};
/* End XCConfigurationList section */
	};
	rootObject = 780A7BC6291A7330007A1DE7 /* Project object */;
}
